<?xml version="1.0" encoding="utf-8"?>
<Project ToolsVersion="4.0" xmlns="http://schemas.microsoft.com/developer/msbuild/2003">
  <ItemGroup>
    <Filter Include="Source Files">
      <UniqueIdentifier>{4FC737F1-C7A5-4376-A066-2A32D752A2FF}</UniqueIdentifier>
      <Extensions>cpp;c;cc;cxx;def;odl;idl;hpj;bat;asm;asmx</Extensions>
    </Filter>
    <Filter Include="Header Files">
      <UniqueIdentifier>{93995380-89BD-4b04-88EB-625FBE52EBFB}</UniqueIdentifier>
      <Extensions>h;hh;hpp;hxx;hm;inl;inc;ipp;xsd</Extensions>
    </Filter>
    <Filter Include="Resource Files">
      <UniqueIdentifier>{67DA6AB6-F800-4c08-8B7A-83BB121AAD01}</UniqueIdentifier>
      <Extensions>rc;ico;cur;bmp;dlg;rc2;rct;bin;rgs;gif;jpg;jpeg;jpe;resx;tiff;tif;png;wav;mfcribbon-ms</Extensions>
    </Filter>
    <Filter Include="Header Files\XML">
      <UniqueIdentifier>{8513a044-a9ca-4948-8a96-47bc01aabd2f}</UniqueIdentifier>
    </Filter>
    <Filter Include="Source Files\XML">
      <UniqueIdentifier>{15ed2b14-0809-4686-8827-6f14e32351ac}</UniqueIdentifier>
    </Filter>
    <Filter Include="Header Files\Test">
      <UniqueIdentifier>{e8ef02b5-6dd8-45d5-bb95-195089599a75}</UniqueIdentifier>
    </Filter>
    <Filter Include="Header Files\Script">
      <UniqueIdentifier>{2ade17c2-60ad-4ba3-9c8e-26999910f301}</UniqueIdentifier>
    </Filter>
    <Filter Include="Source Files\Script">
      <UniqueIdentifier>{59173ed4-22ed-4d00-b45c-13ec7e855eca}</UniqueIdentifier>
    </Filter>
    <Filter Include="Header Files\Render">
      <UniqueIdentifier>{bfa4e1ef-4f6c-4d74-85a7-12a3c8be2df0}</UniqueIdentifier>
    </Filter>
    <Filter Include="Source Files\Render">
      <UniqueIdentifier>{bd65fad5-66fc-440d-b968-4a738bb36181}</UniqueIdentifier>
    </Filter>
    <Filter Include="Header Files\Script\RenderRelated">
      <UniqueIdentifier>{d29d2c2e-348e-4dc3-82e9-d25bd79e0ff3}</UniqueIdentifier>
    </Filter>
    <Filter Include="Source Files\Script\RenderRelated">
      <UniqueIdentifier>{9a15bbb3-551b-46e4-bec2-72b87fa714d6}</UniqueIdentifier>
    </Filter>
  </ItemGroup>
  <ItemGroup>
    <ClCompile Include="Main.cpp">
      <Filter>Source Files</Filter>
    </ClCompile>
    <ClCompile Include="AppBase.cpp">
      <Filter>Source Files</Filter>
    </ClCompile>
    <ClCompile Include="Tale.cpp">
      <Filter>Source Files</Filter>
    </ClCompile>
    <ClCompile Include="Node.cpp">
      <Filter>Source Files\XML</Filter>
    </ClCompile>
    <ClCompile Include="SimpleXMLParser.cpp">
      <Filter>Source Files\XML</Filter>
    </ClCompile>
    <ClCompile Include="Utility.cpp">
      <Filter>Source Files</Filter>
    </ClCompile>
    <ClCompile Include="Button.cpp">
      <Filter>Source Files\Render</Filter>
    </ClCompile>
    <ClCompile Include="Element.cpp">
      <Filter>Source Files\Render</Filter>
    </ClCompile>
    <ClCompile Include="Sprite.cpp">
      <Filter>Source Files\Render</Filter>
    </ClCompile>
    <ClCompile Include="StackPanel.cpp">
      <Filter>Source Files\Render</Filter>
    </ClCompile>
    <ClCompile Include="Expr.cpp">
      <Filter>Source Files\Script</Filter>
    </ClCompile>
    <ClCompile Include="$(MSBuildThisFileDirectory)..\..\lib\native\src\gtest\gtest-all.cc">
      <Filter>Source Files</Filter>
    </ClCompile>
    <ClCompile Include="$(MSBuildThisFileDirectory)..\..\lib\native\src\gmock\gmock-all.cc">
      <Filter>Source Files</Filter>
    </ClCompile>
    <ClCompile Include="ClosureExpr.cpp">
      <Filter>Source Files\Script</Filter>
    </ClCompile>
    <ClCompile Include="NullExpr.cpp">
      <Filter>Source Files\Script</Filter>
    </ClCompile>
    <ClCompile Include="AssignExpr.cpp">
      <Filter>Source Files\Script</Filter>
    </ClCompile>
    <ClCompile Include="FunctionExpr.cpp">
      <Filter>Source Files\Script</Filter>
    </ClCompile>
    <ClCompile Include="VariableExpr.cpp">
      <Filter>Source Files\Script</Filter>
    </ClCompile>
    <ClCompile Include="ConditionExpr.cpp">
      <Filter>Source Files\Script</Filter>
    </ClCompile>
    <ClCompile Include="AddExpr.cpp">
      <Filter>Source Files\Script</Filter>
    </ClCompile>
    <ClCompile Include="GreaterThanExpr.cpp">
      <Filter>Source Files\Script</Filter>
    </ClCompile>
    <ClCompile Include="EqualExpr.cpp">
      <Filter>Source Files\Script</Filter>
    </ClCompile>
    <ClCompile Include="ReturnExpr.cpp">
      <Filter>Source Files\Script</Filter>
    </ClCompile>
    <ClCompile Include="CallExpr.cpp">
      <Filter>Source Files\Script</Filter>
    </ClCompile>
    <ClCompile Include="MapExpr.cpp">
      <Filter>Source Files\Script</Filter>
    </ClCompile>
    <ClCompile Include="ReverseExpr.cpp">
      <Filter>Source Files\Script</Filter>
    </ClCompile>
    <ClCompile Include="ExprLiteral.cpp">
      <Filter>Source Files\Script</Filter>
    </ClCompile>
    <ClCompile Include="ExternalFunctionExpr.cpp">
      <Filter>Source Files\Script</Filter>
    </ClCompile>
    <ClCompile Include="ElementExpr.cpp">
      <Filter>Source Files\Script\RenderRelated</Filter>
    </ClCompile>
    <ClCompile Include="ExprLibrary.cpp">
      <Filter>Source Files\Script</Filter>
    </ClCompile>
  </ItemGroup>
  <ItemGroup>
    <ClInclude Include="AppBase.h">
      <Filter>Header Files</Filter>
    </ClInclude>
    <ClInclude Include="d2dutil.h">
      <Filter>Header Files</Filter>
    </ClInclude>
    <ClInclude Include="Tale.h">
      <Filter>Header Files</Filter>
    </ClInclude>
    <ClInclude Include="RescourceManagerBase.h">
      <Filter>Header Files</Filter>
    </ClInclude>
    <ClInclude Include="Node.h">
      <Filter>Header Files\XML</Filter>
    </ClInclude>
    <ClInclude Include="Common.h">
      <Filter>Header Files\XML</Filter>
    </ClInclude>
    <ClInclude Include="SimpleXMLParser.h">
      <Filter>Header Files\XML</Filter>
    </ClInclude>
    <ClInclude Include="Utility.h">
      <Filter>Header Files</Filter>
    </ClInclude>
    <ClInclude Include="Button.h">
      <Filter>Header Files\Render</Filter>
    </ClInclude>
    <ClInclude Include="Element.h">
      <Filter>Header Files\Render</Filter>
    </ClInclude>
    <ClInclude Include="Sprite.h">
      <Filter>Header Files\Render</Filter>
    </ClInclude>
    <ClInclude Include="StackPanel.h">
      <Filter>Header Files\Render</Filter>
    </ClInclude>
    <ClInclude Include="ExprTest.h">
      <Filter>Header Files\Test</Filter>
    </ClInclude>
    <ClInclude Include="Expr.h">
      <Filter>Header Files\Script</Filter>
    </ClInclude>
    <ClInclude Include="NumberExpr.h">
      <Filter>Header Files\Script</Filter>
    </ClInclude>
    <ClInclude Include="StringExpr.h">
      <Filter>Header Files\Script</Filter>
    </ClInclude>
    <ClInclude Include="ClosureExpr.h">
      <Filter>Header Files\Script</Filter>
    </ClInclude>
    <ClInclude Include="BinaryOperatorExpr.h">
      <Filter>Header Files\Script</Filter>
    </ClInclude>
    <ClInclude Include="VariableExpr.h">
      <Filter>Header Files\Script</Filter>
    </ClInclude>
    <ClInclude Include="NullExpr.h">
      <Filter>Header Files\Script</Filter>
    </ClInclude>
    <ClInclude Include="AssignExpr.h">
      <Filter>Header Files\Script</Filter>
    </ClInclude>
    <ClInclude Include="FunctionExpr.h">
      <Filter>Header Files\Script</Filter>
    </ClInclude>
    <ClInclude Include="ReturnExpr.h">
      <Filter>Header Files\Script</Filter>
    </ClInclude>
    <ClInclude Include="ConditionExpr.h">
      <Filter>Header Files\Script</Filter>
    </ClInclude>
    <ClInclude Include="BooleanExpr.h">
      <Filter>Header Files\Script</Filter>
    </ClInclude>
    <ClInclude Include="GreaterThanExpr.h">
      <Filter>Header Files\Script</Filter>
    </ClInclude>
    <ClInclude Include="AddExpr.h">
      <Filter>Header Files\Script</Filter>
    </ClInclude>
    <ClInclude Include="EqualExpr.h">
      <Filter>Header Files\Script</Filter>
    </ClInclude>
    <ClInclude Include="CallExpr.h">
      <Filter>Header Files\Script</Filter>
    </ClInclude>
    <ClInclude Include="MapExpr.h">
      <Filter>Header Files\Script</Filter>
    </ClInclude>
    <ClInclude Include="ReverseExpr.h">
      <Filter>Header Files\Script</Filter>
    </ClInclude>
    <ClInclude Include="ExprLiteral.h">
      <Filter>Header Files\Script</Filter>
    </ClInclude>
    <ClInclude Include="ExternalFunctionExpr.h">
      <Filter>Header Files\Script</Filter>
    </ClInclude>
    <ClInclude Include="ElementExpr.h">
      <Filter>Header Files\Script\RenderRelated</Filter>
    </ClInclude>
    <ClInclude Include="ExprLibrary.h">
      <Filter>Header Files\Script</Filter>
    </ClInclude>
  </ItemGroup>
  <ItemGroup>
    <None Include="packages.config" />
  </ItemGroup>
</Project>