
Microsoft Visual Studio Solution File, Format Version 12.00
# Visual Studio 15
VisualStudioVersion = 15.0.27703.2035
MinimumVisualStudioVersion = 10.0.40219.1
Project("{8BC9CEB8-8B4A-11D0-8D11-00A0C91BC942}") = "tale", "tale\tale.vcxproj", "{7B7BD0BF-9348-40D3-909E-F8F236B232C9}"
EndProject
Global
	GlobalSection(SolutionConfigurationPlatforms) = preSolution
		Debug|x64 = Debug|x64
		Debug|x86 = Debug|x86
		Release|x64 = Release|x64
		Release|x86 = Release|x86
	EndGlobalSection
	GlobalSection(ProjectConfigurationPlatforms) = postSolution
		{7B7BD0BF-9348-40D3-909E-F8F236B232C9}.Debug|x64.ActiveCfg = Debug|x64
		{7B7BD0BF-9348-40D3-909E-F8F236B232C9}.Debug|x64.Build.0 = Debug|x64
		{7B7BD0BF-9348-40D3-909E-F8F236B232C9}.Debug|x86.ActiveCfg = Debug|Win32
		{7B7BD0BF-9348-40D3-909E-F8F236B232C9}.Debug|x86.Build.0 = Debug|Win32
		{7B7BD0BF-9348-40D3-909E-F8F236B232C9}.Release|x64.ActiveCfg = Release|x64
		{7B7BD0BF-9348-40D3-909E-F8F236B232C9}.Release|x64.Build.0 = Release|x64
		{7B7BD0BF-9348-40D3-909E-F8F236B232C9}.Release|x86.ActiveCfg = Release|Win32
		{7B7BD0BF-9348-40D3-909E-F8F236B232C9}.Release|x86.Build.0 = Release|Win32
	EndGlobalSection
	GlobalSection(SolutionProperties) = preSolution
		HideSolutionNode = FALSE
	EndGlobalSection
	GlobalSection(ExtensibilityGlobals) = postSolution
		SolutionGuid = {622B32B5-D921-4108-9134-6E090861DCB6}
	EndGlobalSection
EndGlobal
